
Microsoft Visual Studio Solution File, Format Version 12.00
# Visual Studio 2013
VisualStudioVersion = 12.0.30723.0
MinimumVisualStudioVersion = 10.0.40219.1
Project("{FAE04EC0-301F-11D3-BF4B-00C04F79EFBC}") = "MediatorLib", "MediatorLib\MediatorLib.csproj", "{87D32BE6-895D-4679-8E51-207C7DE9F10C}"
EndProject
Project("{FAE04EC0-301F-11D3-BF4B-00C04F79EFBC}") = "MediatorTests", "MediatorTests\MediatorTests.csproj", "{494BE616-DB31-43FC-BCB9-73C1DBC426D2}"
EndProject
Global
	GlobalSection(SolutionConfigurationPlatforms) = preSolution
		Debug|Any CPU = Debug|Any CPU
		Release|Any CPU = Release|Any CPU
	EndGlobalSection
	GlobalSection(ProjectConfigurationPlatforms) = postSolution
		{87D32BE6-895D-4679-8E51-207C7DE9F10C}.Debug|Any CPU.ActiveCfg = Debug|Any CPU
		{87D32BE6-895D-4679-8E51-207C7DE9F10C}.Debug|Any CPU.Build.0 = Debug|Any CPU
		{87D32BE6-895D-4679-8E51-207C7DE9F10C}.Release|Any CPU.ActiveCfg = Release|Any CPU
		{87D32BE6-895D-4679-8E51-207C7DE9F10C}.Release|Any CPU.Build.0 = Release|Any CPU
		{494BE616-DB31-43FC-BCB9-73C1DBC426D2}.Debug|Any CPU.ActiveCfg = Debug|Any CPU
		{494BE616-DB31-43FC-BCB9-73C1DBC426D2}.Debug|Any CPU.Build.0 = Debug|Any CPU
		{494BE616-DB31-43FC-BCB9-73C1DBC426D2}.Release|Any CPU.ActiveCfg = Release|Any CPU
		{494BE616-DB31-43FC-BCB9-73C1DBC426D2}.Release|Any CPU.Build.0 = Release|Any CPU
	EndGlobalSection
	GlobalSection(SolutionProperties) = preSolution
		HideSolutionNode = FALSE
	EndGlobalSection
EndGlobal
